
Microsoft Visual Studio Solution File, Format Version 12.00
# Visual Studio Version 16
VisualStudioVersion = 16.0.31402.337
MinimumVisualStudioVersion = 10.0.40219.1
Project("{FAE04EC0-301F-11D3-BF4B-00C04F79EFBC}") = "BM.CoAndContraVarianceDemo", "BM.CoAndContraVarianceDemo.csproj", "{528FA563-0128-4D1B-8579-FB6F8036EA38}"
EndProject
Global
	GlobalSection(SolutionConfigurationPlatforms) = preSolution
		Debug|Any CPU = Debug|Any CPU
		Release|Any CPU = Release|Any CPU
	EndGlobalSection
	GlobalSection(ProjectConfigurationPlatforms) = postSolution
		{528FA563-0128-4D1B-8579-FB6F8036EA38}.Debug|Any CPU.ActiveCfg = Debug|Any CPU
		{528FA563-0128-4D1B-8579-FB6F8036EA38}.Debug|Any CPU.Build.0 = Debug|Any CPU
		{528FA563-0128-4D1B-8579-FB6F8036EA38}.Release|Any CPU.ActiveCfg = Release|Any CPU
		{528FA563-0128-4D1B-8579-FB6F8036EA38}.Release|Any CPU.Build.0 = Release|Any CPU
	EndGlobalSection
	GlobalSection(SolutionProperties) = preSolution
		HideSolutionNode = FALSE
	EndGlobalSection
	GlobalSection(ExtensibilityGlobals) = postSolution
		SolutionGuid = {42752FD7-3B66-4359-AE74-A576E481687F}
	EndGlobalSection
EndGlobal
